
Microsoft Visual Studio Solution File, Format Version 12.00
# Visual Studio Version 17
VisualStudioVersion = 17.13.35931.197 d17.13
MinimumVisualStudioVersion = 10.0.40219.1
Project("{FAE04EC0-301F-11D3-BF4B-00C04F79EFBC}") = "250929_BranchenUndMergenVonUeberall", "250929_BranchenUndMergenVonUeberall.csproj", "{78A27F4C-42A2-40AB-918E-F08AA3EA9C09}"
EndProject
Global
	GlobalSection(SolutionConfigurationPlatforms) = preSolution
		Debug|Any CPU = Debug|Any CPU
		Release|Any CPU = Release|Any CPU
	EndGlobalSection
	GlobalSection(ProjectConfigurationPlatforms) = postSolution
		{78A27F4C-42A2-40AB-918E-F08AA3EA9C09}.Debug|Any CPU.ActiveCfg = Debug|Any CPU
		{78A27F4C-42A2-40AB-918E-F08AA3EA9C09}.Debug|Any CPU.Build.0 = Debug|Any CPU
		{78A27F4C-42A2-40AB-918E-F08AA3EA9C09}.Release|Any CPU.ActiveCfg = Release|Any CPU
		{78A27F4C-42A2-40AB-918E-F08AA3EA9C09}.Release|Any CPU.Build.0 = Release|Any CPU
	EndGlobalSection
	GlobalSection(SolutionProperties) = preSolution
		HideSolutionNode = FALSE
	EndGlobalSection
	GlobalSection(ExtensibilityGlobals) = postSolution
		SolutionGuid = {B4CEBC61-8BA9-4AED-BDD3-EBBD04B1CAAE}
	EndGlobalSection
EndGlobal
